// !$*UTF8*$!
{
	archiveVersion = 1;
	classes = {
	};
	objectVersion = 48;
	objects = {

/* Begin PBXBuildFile section */
		0C2A051A1F615DD900FF04C6 /* Selectedlist.swift in Sources */ = {isa = PBXBuildFile; fileRef = 0C2A05191F615DD900FF04C6 /* Selectedlist.swift */; };
		0C4C5ECA1F5FF5C5003509CE /* AppDelegate.swift in Sources */ = {isa = PBXBuildFile; fileRef = 0C4C5EC91F5FF5C5003509CE /* AppDelegate.swift */; };
		0C4C5ECF1F5FF5C5003509CE /* Main.storyboard in Resources */ = {isa = PBXBuildFile; fileRef = 0C4C5ECD1F5FF5C5003509CE /* Main.storyboard */; };
		0C4C5ED11F5FF5C5003509CE /* Assets.xcassets in Resources */ = {isa = PBXBuildFile; fileRef = 0C4C5ED01F5FF5C5003509CE /* Assets.xcassets */; };
		0C4C5ED41F5FF5C5003509CE /* LaunchScreen.storyboard in Resources */ = {isa = PBXBuildFile; fileRef = 0C4C5ED21F5FF5C5003509CE /* LaunchScreen.storyboard */; };
		0C4C5EDC1F5FF630003509CE /* Insta.swift in Sources */ = {isa = PBXBuildFile; fileRef = 0C4C5EDB1F5FF630003509CE /* Insta.swift */; };
		0CF09A371F616A7C006379FE /* PhotoCell.swift in Sources */ = {isa = PBXBuildFile; fileRef = 0CF09A351F616A7C006379FE /* PhotoCell.swift */; };
		0CF09A381F616A7C006379FE /* PhotoCell.xib in Resources */ = {isa = PBXBuildFile; fileRef = 0CF09A361F616A7C006379FE /* PhotoCell.xib */; };
/* End PBXBuildFile section */

/* Begin PBXFileReference section */
		0C2A05191F615DD900FF04C6 /* Selectedlist.swift */ = {isa = PBXFileReference; lastKnownFileType = sourcecode.swift; path = Selectedlist.swift; sourceTree = "<group>"; };
		0C4C5EC61F5FF5C5003509CE /* Instademo.app */ = {isa = PBXFileReference; explicitFileType = wrapper.application; includeInIndex = 0; path = Instademo.app; sourceTree = BUILT_PRODUCTS_DIR; };
		0C4C5EC91F5FF5C5003509CE /* AppDelegate.swift */ = {isa = PBXFileReference; lastKnownFileType = sourcecode.swift; path = AppDelegate.swift; sourceTree = "<group>"; };
		0C4C5ECE1F5FF5C5003509CE /* Base */ = {isa = PBXFileReference; lastKnownFileType = file.storyboard; name = Base; path = Base.lproj/Main.storyboard; sourceTree = "<group>"; };
		0C4C5ED01F5FF5C5003509CE /* Assets.xcassets */ = {isa = PBXFileReference; lastKnownFileType = folder.assetcatalog; path = Assets.xcassets; sourceTree = "<group>"; };
		0C4C5ED31F5FF5C5003509CE /* Base */ = {isa = PBXFileReference; lastKnownFileType = file.storyboard; name = Base; path = Base.lproj/LaunchScreen.storyboard; sourceTree = "<group>"; };
		0C4C5ED51F5FF5C5003509CE /* Info.plist */ = {isa = PBXFileReference; lastKnownFileType = text.plist.xml; path = Info.plist; sourceTree = "<group>"; };
		0C4C5EDB1F5FF630003509CE /* Insta.swift */ = {isa = PBXFileReference; lastKnownFileType = sourcecode.swift; path = Insta.swift; sourceTree = "<group>"; };
		0CF09A351F616A7C006379FE /* PhotoCell.swift */ = {isa = PBXFileReference; lastKnownFileType = sourcecode.swift; path = PhotoCell.swift; sourceTree = "<group>"; };
		0CF09A361F616A7C006379FE /* PhotoCell.xib */ = {isa = PBXFileReference; lastKnownFileType = file.xib; path = PhotoCell.xib; sourceTree = "<group>"; };
/* End PBXFileReference section */

/* Begin PBXFrameworksBuildPhase section */
		0C4C5EC31F5FF5C5003509CE /* Frameworks */ = {
			isa = PBXFrameworksBuildPhase;
			buildActionMask = 2147483647;
			files = (
			);
			runOnlyForDeploymentPostprocessing = 0;
		};
/* End PBXFrameworksBuildPhase section */

/* Begin PBXGroup section */
		0C4C5EBD1F5FF5C5003509CE = {
			isa = PBXGroup;
			children = (
				0C4C5EC81F5FF5C5003509CE /* Instademo */,
				0C4C5EC71F5FF5C5003509CE /* Products */,
			);
			sourceTree = "<group>";
		};
		0C4C5EC71F5FF5C5003509CE /* Products */ = {
			isa = PBXGroup;
			children = (
				0C4C5EC61F5FF5C5003509CE /* Instademo.app */,
			);
			name = Products;
			sourceTree = "<group>";
		};
		0C4C5EC81F5FF5C5003509CE /* Instademo */ = {
			isa = PBXGroup;
			children = (
				0C4C5EC91F5FF5C5003509CE /* AppDelegate.swift */,
				0C2A05191F615DD900FF04C6 /* Selectedlist.swift */,
				0C4C5EDB1F5FF630003509CE /* Insta.swift */,
				0CF09A351F616A7C006379FE /* PhotoCell.swift */,
				0CF09A361F616A7C006379FE /* PhotoCell.xib */,
				0C4C5ECD1F5FF5C5003509CE /* Main.storyboard */,
				0C4C5ED01F5FF5C5003509CE /* Assets.xcassets */,
				0C4C5ED21F5FF5C5003509CE /* LaunchScreen.storyboard */,
				0C4C5ED51F5FF5C5003509CE /* Info.plist */,
			);
			path = Instademo;
			sourceTree = "<group>";
		};
/* End PBXGroup section */

/* Begin PBXNativeTarget section */
		0C4C5EC51F5FF5C5003509CE /* Instademo */ = {
			isa = PBXNativeTarget;
			buildConfigurationList = 0C4C5ED81F5FF5C5003509CE /* Build configuration list for PBXNativeTarget "Instademo" */;
			buildPhases = (
				0C4C5EC21F5FF5C5003509CE /* Sources */,
				0C4C5EC31F5FF5C5003509CE /* Frameworks */,
				0C4C5EC41F5FF5C5003509CE /* Resources */,
			);
			buildRules = (
			);
			dependencies = (
			);
			name = Instademo;
			productName = Instademo;
			productReference = 0C4C5EC61F5FF5C5003509CE /* Instademo.app */;
			productType = "com.apple.product-type.application";
		};
/* End PBXNativeTarget section */

/* Begin PBXProject section */
		0C4C5EBE1F5FF5C5003509CE /* Project object */ = {
			isa = PBXProject;
			attributes = {
				LastSwiftUpdateCheck = 0900;
				LastUpgradeCheck = 0900;
				ORGANIZATIONNAME = appinventiv;
				TargetAttributes = {
					0C4C5EC51F5FF5C5003509CE = {
						CreatedOnToolsVersion = 9.0;
						ProvisioningStyle = Manual;
					};
				};
			};
			buildConfigurationList = 0C4C5EC11F5FF5C5003509CE /* Build configuration list for PBXProject "Instademo" */;
			compatibilityVersion = "Xcode 8.0";
			developmentRegion = en;
			hasScannedForEncodings = 0;
			knownRegions = (
				en,
				Base,
			);
			mainGroup = 0C4C5EBD1F5FF5C5003509CE;
			productRefGroup = 0C4C5EC71F5FF5C5003509CE /* Products */;
			projectDirPath = "";
			projectRoot = "";
			targets = (
				0C4C5EC51F5FF5C5003509CE /* Instademo */,
			);
		};
/* End PBXProject section */

/* Begin PBXResourcesBuildPhase section */
		0C4C5EC41F5FF5C5003509CE /* Resources */ = {
			isa = PBXResourcesBuildPhase;
			buildActionMask = 2147483647;
			files = (
				0CF09A381F616A7C006379FE /* PhotoCell.xib in Resources */,
				0C4C5ED41F5FF5C5003509CE /* LaunchScreen.storyboard in Resources */,
				0C4C5ED11F5FF5C5003509CE /* Assets.xcassets in Resources */,
				0C4C5ECF1F5FF5C5003509CE /* Main.storyboard in Resources */,
			);
			runOnlyForDeploymentPostprocessing = 0;
		};
/* End PBXResourcesBuildPhase section */

/* Begin PBXSourcesBuildPhase section */
		0C4C5EC21F5FF5C5003509CE /* Sources */ = {
			isa = PBXSourcesBuildPhase;
			buildActionMask = 2147483647;
			files = (
				0CF09A371F616A7C006379FE /* PhotoCell.swift in Sources */,
				0C2A051A1F615DD900FF04C6 /* Selectedlist.swift in Sources */,
				0C4C5ECA1F5FF5C5003509CE /* AppDelegate.swift in Sources */,
				0C4C5EDC1F5FF630003509CE /* Insta.swift in Sources */,
			);
			runOnlyForDeploymentPostprocessing = 0;
		};
/* End PBXSourcesBuildPhase section */

/* Begin PBXVariantGroup section */
		0C4C5ECD1F5FF5C5003509CE /* Main.storyboard */ = {
			isa = PBXVariantGroup;
			children = (
				0C4C5ECE1F5FF5C5003509CE /* Base */,
			);
			name = Main.storyboard;
			sourceTree = "<group>";
		};
		0C4C5ED21F5FF5C5003509CE /* LaunchScreen.storyboard */ = {
			isa = PBXVariantGroup;
			children = (
				0C4C5ED31F5FF5C5003509CE /* Base */,
			);
			name = LaunchScreen.storyboard;
			sourceTree = "<group>";
		};
/* End PBXVariantGroup section */

/* Begin XCBuildConfiguration section */
		0C4C5ED61F5FF5C5003509CE /* Debug */ = {
			isa = XCBuildConfiguration;
			buildSettings = {
				ALWAYS_SEARCH_USER_PATHS = NO;
				CLANG_ANALYZER_NONNULL = YES;
				CLANG_ANALYZER_NUMBER_OBJECT_CONVERSION = YES_AGGRESSIVE;
				CLANG_CXX_LANGUAGE_STANDARD = "gnu++14";
				CLANG_CXX_LIBRARY = "libc++";
				CLANG_ENABLE_MODULES = YES;
				CLANG_ENABLE_OBJC_ARC = YES;
				CLANG_WARN_BLOCK_CAPTURE_AUTORELEASING = YES;
				CLANG_WARN_BOOL_CONVERSION = YES;
				CLANG_WARN_COMMA = YES;
				CLANG_WARN_CONSTANT_CONVERSION = YES;
				CLANG_WARN_DIRECT_OBJC_ISA_USAGE = YES_ERROR;
				CLANG_WARN_DOCUMENTATION_COMMENTS = YES;
				CLANG_WARN_EMPTY_BODY = YES;
				CLANG_WARN_ENUM_CONVERSION = YES;
				CLANG_WARN_INFINITE_RECURSION = YES;
				CLANG_WARN_INT_CONVERSION = YES;
				CLANG_WARN_NON_LITERAL_NULL_CONVERSION = YES;
				CLANG_WARN_OBJC_LITERAL_CONVERSION = YES;
				CLANG_WARN_OBJC_ROOT_CLASS = YES_ERROR;
				CLANG_WARN_RANGE_LOOP_ANALYSIS = YES;
				CLANG_WARN_STRICT_PROTOTYPES = YES;
				CLANG_WARN_SUSPICIOUS_MOVE = YES;
				CLANG_WARN_UNGUARDED_AVAILABILITY = YES_AGGRESSIVE;
				CLANG_WARN_UNREACHABLE_CODE = YES;
				CLANG_WARN__DUPLICATE_METHOD_MATCH = YES;
				CODE_SIGN_IDENTITY = "iPhone Developer";
				COPY_PHASE_STRIP = NO;
				DEBUG_INFORMATION_FORMAT = dwarf;
				ENABLE_STRICT_OBJC_MSGSEND = YES;
				ENABLE_TESTABILITY = YES;
				GCC_C_LANGUAGE_STANDARD = gnu11;
				GCC_DYNAMIC_NO_PIC = NO;
				GCC_NO_COMMON_BLOCKS = YES;
				GCC_OPTIMIZATION_LEVEL = 0;
				GCC_PREPROCESSOR_DEFINITIONS = (
					"DEBUG=1",
					"$(inherited)",
				);
				GCC_WARN_64_TO_32_BIT_CONVERSION = YES;
				GCC_WARN_ABOUT_RETURN_TYPE = YES_ERROR;
				GCC_WARN_UNDECLARED_SELECTOR = YES;
				GCC_WARN_UNINITIALIZED_AUTOS = YES_AGGRESSIVE;
				GCC_WARN_UNUSED_FUNCTION = YES;
				GCC_WARN_UNUSED_VARIABLE = YES;
				IPHONEOS_DEPLOYMENT_TARGET = 11.0;
				MTL_ENABLE_DEBUG_INFO = YES;
				ONLY_ACTIVE_ARCH = YES;
				SDKROOT = iphoneos;
				SWIFT_ACTIVE_COMPILATION_CONDITIONS = DEBUG;
				SWIFT_OPTIMIZATION_LEVEL = "-Onone";
			};
			name = Debug;
		};
		0C4C5ED71F5FF5C5003509CE /* Release */ = {
			isa = XCBuildConfiguration;
			buildSettings = {
				ALWAYS_SEARCH_USER_PATHS = NO;
				CLANG_ANALYZER_NONNULL = YES;
				CLANG_ANALYZER_NUMBER_OBJECT_CONVERSION = YES_AGGRESSIVE;
				CLANG_CXX_LANGUAGE_STANDARD = "gnu++14";
				CLANG_CXX_LIBRARY = "libc++";
				CLANG_ENABLE_MODULES = YES;
				CLANG_ENABLE_OBJC_ARC = YES;
				CLANG_WARN_BLOCK_CAPTURE_AUTORELEASING = YES;
				CLANG_WARN_BOOL_CONVERSION = YES;
				CLANG_WARN_COMMA = YES;
				CLANG_WARN_CONSTANT_CONVERSION = YES;
				CLANG_WARN_DIRECT_OBJC_ISA_USAGE = YES_ERROR;
				CLANG_WARN_DOCUMENTATION_COMMENTS = YES;
				CLANG_WARN_EMPTY_BODY = YES;
				CLANG_WARN_ENUM_CONVERSION = YES;
				CLANG_WARN_INFINITE_RECURSION = YES;
				CLANG_WARN_INT_CONVERSION = YES;
				CLANG_WARN_NON_LITERAL_NULL_CONVERSION = YES;
				CLANG_WARN_OBJC_LITERAL_CONVERSION = YES;
				CLANG_WARN_OBJC_ROOT_CLASS = YES_ERROR;
				CLANG_WARN_RANGE_LOOP_ANALYSIS = YES;
				CLANG_WARN_STRICT_PROTOTYPES = YES;
				CLANG_WARN_SUSPICIOUS_MOVE = YES;
				CLANG_WARN_UNGUARDED_AVAILABILITY = YES_AGGRESSIVE;
				CLANG_WARN_UNREACHABLE_CODE = YES;
				CLANG_WARN__DUPLICATE_METHOD_MATCH = YES;
				CODE_SIGN_IDENTITY = "iPhone Developer";
				COPY_PHASE_STRIP = NO;
				DEBUG_INFORMATION_FORMAT = "dwarf-with-dsym";
				ENABLE_NS_ASSERTIONS = NO;
				ENABLE_STRICT_OBJC_MSGSEND = YES;
				GCC_C_LANGUAGE_STANDARD = gnu11;
				GCC_NO_COMMON_BLOCKS = YES;
				GCC_WARN_64_TO_32_BIT_CONVERSION = YES;
				GCC_WARN_ABOUT_RETURN_TYPE = YES_ERROR;
				GCC_WARN_UNDECLARED_SELECTOR = YES;
				GCC_WARN_UNINITIALIZED_AUTOS = YES_AGGRESSIVE;
				GCC_WARN_UNUSED_FUNCTION = YES;
				GCC_WARN_UNUSED_VARIABLE = YES;
				IPHONEOS_DEPLOYMENT_TARGET = 11.0;
				MTL_ENABLE_DEBUG_INFO = NO;
				SDKROOT = iphoneos;
				SWIFT_OPTIMIZATION_LEVEL = "-Owholemodule";
				VALIDATE_PRODUCT = YES;
			};
			name = Release;
		};
		0C4C5ED91F5FF5C5003509CE /* Debug */ = {
			isa = XCBuildConfiguration;
			buildSettings = {
				ASSETCATALOG_COMPILER_APPICON_NAME = AppIcon;
				CODE_SIGN_STYLE = Manual;
				DEVELOPMENT_TEAM = "";
				INFOPLIST_FILE = Instademo/Info.plist;
				LD_RUNPATH_SEARCH_PATHS = "$(inherited) @executable_path/Frameworks";
				PRODUCT_BUNDLE_IDENTIFIER = appinventiv.Instademo;
				PRODUCT_NAME = "$(TARGET_NAME)";
				PROVISIONING_PROFILE_SPECIFIER = "";
				SWIFT_VERSION = 4.0;
				TARGETED_DEVICE_FAMILY = 1;
			};
			name = Debug;
		};
		0C4C5EDA1F5FF5C5003509CE /* Release */ = {
			isa = XCBuildConfiguration;
			buildSettings = {
				ASSETCATALOG_COMPILER_APPICON_NAME = AppIcon;
				CODE_SIGN_STYLE = Manual;
				DEVELOPMENT_TEAM = "";
				INFOPLIST_FILE = Instademo/Info.plist;
				LD_RUNPATH_SEARCH_PATHS = "$(inherited) @executable_path/Frameworks";
				PRODUCT_BUNDLE_IDENTIFIER = appinventiv.Instademo;
				PRODUCT_NAME = "$(TARGET_NAME)";
				PROVISIONING_PROFILE_SPECIFIER = "";
				SWIFT_VERSION = 4.0;
				TARGETED_DEVICE_FAMILY = 1;
			};
			name = Release;
		};
/* End XCBuildConfiguration section */

/* Begin XCConfigurationList section */
		0C4C5EC11F5FF5C5003509CE /* Build configuration list for PBXProject "Instademo" */ = {
			isa = XCConfigurationList;
			buildConfigurations = (
				0C4C5ED61F5FF5C5003509CE /* Debug */,
				0C4C5ED71F5FF5C5003509CE /* Release */,
			);
			defaultConfigurationIsVisible = 0;
			defaultConfigurationName = Release;
		};
		0C4C5ED81F5FF5C5003509CE /* Build configuration list for PBXNativeTarget "Instademo" */ = {
			isa = XCConfigurationList;
			buildConfigurations = (
				0C4C5ED91F5FF5C5003509CE /* Debug */,
				0C4C5EDA1F5FF5C5003509CE /* Release */,
			);
			defaultConfigurationIsVisible = 0;
			defaultConfigurationName = Release;
		};
/* End XCConfigurationList section */
	};
	rootObject = 0C4C5EBE1F5FF5C5003509CE /* Project object */;
}
